// !$*UTF8*$!
{
	archiveVersion = 1;
	classes = {
	};
	objectVersion = 56;
	objects = {

/* Begin PBXBuildFile section */
		D10EFF212A3CA2B400E5644E /* AppDelegate.swift in Sources */ = {isa = PBXBuildFile; fileRef = D10EFF202A3CA2B400E5644E /* AppDelegate.swift */; };
		D10EFF232A3CA2B400E5644E /* SceneDelegate.swift in Sources */ = {isa = PBXBuildFile; fileRef = D10EFF222A3CA2B400E5644E /* SceneDelegate.swift */; };
		D10EFF252A3CA2B400E5644E /* ViewController.swift in Sources */ = {isa = PBXBuildFile; fileRef = D10EFF242A3CA2B400E5644E /* ViewController.swift */; };
		D10EFF282A3CA2B400E5644E /* Main.storyboard in Resources */ = {isa = PBXBuildFile; fileRef = D10EFF262A3CA2B400E5644E /* Main.storyboard */; };
		D10EFF2A2A3CA2B600E5644E /* Assets.xcassets in Resources */ = {isa = PBXBuildFile; fileRef = D10EFF292A3CA2B600E5644E /* Assets.xcassets */; };
		D10EFF2D2A3CA2B600E5644E /* LaunchScreen.storyboard in Resources */ = {isa = PBXBuildFile; fileRef = D10EFF2B2A3CA2B600E5644E /* LaunchScreen.storyboard */; };
		D12D42AF2A3CCACF0055EC04 /* UIView + Extensions.swift in Sources */ = {isa = PBXBuildFile; fileRef = D12D42AE2A3CCACF0055EC04 /* UIView + Extensions.swift */; };
		D1D08E232A3E496100E1218A /* UIButton + Extension.swift in Sources */ = {isa = PBXBuildFile; fileRef = D1D08E222A3E496100E1218A /* UIButton + Extension.swift */; };
		D1DA897D2A3CD195008EA804 /* UITextField + Extensions.swift in Sources */ = {isa = PBXBuildFile; fileRef = D1DA897C2A3CD195008EA804 /* UITextField + Extensions.swift */; };
/* End PBXBuildFile section */

/* Begin PBXFileReference section */
		D10EFF1D2A3CA2B400E5644E /* Homework11.app */ = {isa = PBXFileReference; explicitFileType = wrapper.application; includeInIndex = 0; path = Homework11.app; sourceTree = BUILT_PRODUCTS_DIR; };
		D10EFF202A3CA2B400E5644E /* AppDelegate.swift */ = {isa = PBXFileReference; lastKnownFileType = sourcecode.swift; path = AppDelegate.swift; sourceTree = "<group>"; };
		D10EFF222A3CA2B400E5644E /* SceneDelegate.swift */ = {isa = PBXFileReference; lastKnownFileType = sourcecode.swift; path = SceneDelegate.swift; sourceTree = "<group>"; };
		D10EFF242A3CA2B400E5644E /* ViewController.swift */ = {isa = PBXFileReference; lastKnownFileType = sourcecode.swift; path = ViewController.swift; sourceTree = "<group>"; };
		D10EFF272A3CA2B400E5644E /* Base */ = {isa = PBXFileReference; lastKnownFileType = file.storyboard; name = Base; path = Base.lproj/Main.storyboard; sourceTree = "<group>"; };
		D10EFF292A3CA2B600E5644E /* Assets.xcassets */ = {isa = PBXFileReference; lastKnownFileType = folder.assetcatalog; path = Assets.xcassets; sourceTree = "<group>"; };
		D10EFF2C2A3CA2B600E5644E /* Base */ = {isa = PBXFileReference; lastKnownFileType = file.storyboard; name = Base; path = Base.lproj/LaunchScreen.storyboard; sourceTree = "<group>"; };
		D10EFF2E2A3CA2B600E5644E /* Info.plist */ = {isa = PBXFileReference; lastKnownFileType = text.plist.xml; path = Info.plist; sourceTree = "<group>"; };
		D12D42AE2A3CCACF0055EC04 /* UIView + Extensions.swift */ = {isa = PBXFileReference; lastKnownFileType = sourcecode.swift; path = "UIView + Extensions.swift"; sourceTree = "<group>"; };
		D1D08E222A3E496100E1218A /* UIButton + Extension.swift */ = {isa = PBXFileReference; lastKnownFileType = sourcecode.swift; path = "UIButton + Extension.swift"; sourceTree = "<group>"; };
		D1DA897C2A3CD195008EA804 /* UITextField + Extensions.swift */ = {isa = PBXFileReference; lastKnownFileType = sourcecode.swift; path = "UITextField + Extensions.swift"; sourceTree = "<group>"; };
/* End PBXFileReference section */

/* Begin PBXFrameworksBuildPhase section */
		D10EFF1A2A3CA2B400E5644E /* Frameworks */ = {
			isa = PBXFrameworksBuildPhase;
			buildActionMask = 2147483647;
			files = (
			);
			runOnlyForDeploymentPostprocessing = 0;
		};
/* End PBXFrameworksBuildPhase section */

/* Begin PBXGroup section */
		D10EFF142A3CA2B400E5644E = {
			isa = PBXGroup;
			children = (
				D10EFF1F2A3CA2B400E5644E /* Homework11 */,
				D10EFF1E2A3CA2B400E5644E /* Products */,
			);
			sourceTree = "<group>";
		};
		D10EFF1E2A3CA2B400E5644E /* Products */ = {
			isa = PBXGroup;
			children = (
				D10EFF1D2A3CA2B400E5644E /* Homework11.app */,
			);
			name = Products;
			sourceTree = "<group>";
		};
		D10EFF1F2A3CA2B400E5644E /* Homework11 */ = {
			isa = PBXGroup;
			children = (
				D12D42AD2A3CCA500055EC04 /* Extension */,
				D10EFF362A3CA6DE00E5644E /* Sources */,
				D10EFF352A3CA69C00E5644E /* App */,
				D10EFF342A3CA63400E5644E /* Resources */,
			);
			path = Homework11;
			sourceTree = "<group>";
		};
		D10EFF342A3CA63400E5644E /* Resources */ = {
			isa = PBXGroup;
			children = (
				D10EFF292A3CA2B600E5644E /* Assets.xcassets */,
				D10EFF2E2A3CA2B600E5644E /* Info.plist */,
			);
			path = Resources;
			sourceTree = "<group>";
		};
		D10EFF352A3CA69C00E5644E /* App */ = {
			isa = PBXGroup;
			children = (
				D10EFF202A3CA2B400E5644E /* AppDelegate.swift */,
				D10EFF222A3CA2B400E5644E /* SceneDelegate.swift */,
			);
			path = App;
			sourceTree = "<group>";
		};
		D10EFF362A3CA6DE00E5644E /* Sources */ = {
			isa = PBXGroup;
			children = (
				D10EFF242A3CA2B400E5644E /* ViewController.swift */,
				D10EFF262A3CA2B400E5644E /* Main.storyboard */,
				D10EFF2B2A3CA2B600E5644E /* LaunchScreen.storyboard */,
			);
			path = Sources;
			sourceTree = "<group>";
		};
		D12D42AD2A3CCA500055EC04 /* Extension */ = {
			isa = PBXGroup;
			children = (
				D12D42AE2A3CCACF0055EC04 /* UIView + Extensions.swift */,
				D1DA897C2A3CD195008EA804 /* UITextField + Extensions.swift */,
				D1D08E222A3E496100E1218A /* UIButton + Extension.swift */,
			);
			path = Extension;
			sourceTree = "<group>";
		};
/* End PBXGroup section */

/* Begin PBXNativeTarget section */
		D10EFF1C2A3CA2B400E5644E /* Homework11 */ = {
			isa = PBXNativeTarget;
			buildConfigurationList = D10EFF312A3CA2B600E5644E /* Build configuration list for PBXNativeTarget "Homework11" */;
			buildPhases = (
				D10EFF192A3CA2B400E5644E /* Sources */,
				D10EFF1A2A3CA2B400E5644E /* Frameworks */,
				D10EFF1B2A3CA2B400E5644E /* Resources */,
			);
			buildRules = (
			);
			dependencies = (
			);
			name = Homework11;
			productName = Homework11;
			productReference = D10EFF1D2A3CA2B400E5644E /* Homework11.app */;
			productType = "com.apple.product-type.application";
		};
/* End PBXNativeTarget section */

/* Begin PBXProject section */
		D10EFF152A3CA2B400E5644E /* Project object */ = {
			isa = PBXProject;
			attributes = {
				BuildIndependentTargetsInParallel = 1;
				LastSwiftUpdateCheck = 1430;
				LastUpgradeCheck = 1430;
				TargetAttributes = {
					D10EFF1C2A3CA2B400E5644E = {
						CreatedOnToolsVersion = 14.3.1;
					};
				};
			};
			buildConfigurationList = D10EFF182A3CA2B400E5644E /* Build configuration list for PBXProject "Homework11" */;
			compatibilityVersion = "Xcode 14.0";
			developmentRegion = en;
			hasScannedForEncodings = 0;
			knownRegions = (
				en,
				Base,
			);
			mainGroup = D10EFF142A3CA2B400E5644E;
			productRefGroup = D10EFF1E2A3CA2B400E5644E /* Products */;
			projectDirPath = "";
			projectRoot = "";
			targets = (
				D10EFF1C2A3CA2B400E5644E /* Homework11 */,
			);
		};
/* End PBXProject section */

/* Begin PBXResourcesBuildPhase section */
		D10EFF1B2A3CA2B400E5644E /* Resources */ = {
			isa = PBXResourcesBuildPhase;
			buildActionMask = 2147483647;
			files = (
				D10EFF2D2A3CA2B600E5644E /* LaunchScreen.storyboard in Resources */,
				D10EFF2A2A3CA2B600E5644E /* Assets.xcassets in Resources */,
				D10EFF282A3CA2B400E5644E /* Main.storyboard in Resources */,
			);
			runOnlyForDeploymentPostprocessing = 0;
		};
/* End PBXResourcesBuildPhase section */

/* Begin PBXSourcesBuildPhase section */
		D10EFF192A3CA2B400E5644E /* Sources */ = {
			isa = PBXSourcesBuildPhase;
			buildActionMask = 2147483647;
			files = (
				D1DA897D2A3CD195008EA804 /* UITextField + Extensions.swift in Sources */,
				D12D42AF2A3CCACF0055EC04 /* UIView + Extensions.swift in Sources */,
				D10EFF252A3CA2B400E5644E /* ViewController.swift in Sources */,
				D10EFF212A3CA2B400E5644E /* AppDelegate.swift in Sources */,
				D10EFF232A3CA2B400E5644E /* SceneDelegate.swift in Sources */,
				D1D08E232A3E496100E1218A /* UIButton + Extension.swift in Sources */,
			);
			runOnlyForDeploymentPostprocessing = 0;
		};
/* End PBXSourcesBuildPhase section */

/* Begin PBXVariantGroup section */
		D10EFF262A3CA2B400E5644E /* Main.storyboard */ = {
			isa = PBXVariantGroup;
			children = (
				D10EFF272A3CA2B400E5644E /* Base */,
			);
			name = Main.storyboard;
			sourceTree = "<group>";
		};
		D10EFF2B2A3CA2B600E5644E /* LaunchScreen.storyboard */ = {
			isa = PBXVariantGroup;
			children = (
				D10EFF2C2A3CA2B600E5644E /* Base */,
			);
			name = LaunchScreen.storyboard;
			sourceTree = "<group>";
		};
/* End PBXVariantGroup section */

/* Begin XCBuildConfiguration section */
		D10EFF2F2A3CA2B600E5644E /* Debug */ = {
			isa = XCBuildConfiguration;
			buildSettings = {
				ALWAYS_SEARCH_USER_PATHS = NO;
				CLANG_ANALYZER_NONNULL = YES;
				CLANG_ANALYZER_NUMBER_OBJECT_CONVERSION = YES_AGGRESSIVE;
				CLANG_CXX_LANGUAGE_STANDARD = "gnu++20";
				CLANG_ENABLE_MODULES = YES;
				CLANG_ENABLE_OBJC_ARC = YES;
				CLANG_ENABLE_OBJC_WEAK = YES;
				CLANG_WARN_BLOCK_CAPTURE_AUTORELEASING = YES;
				CLANG_WARN_BOOL_CONVERSION = YES;
				CLANG_WARN_COMMA = YES;
				CLANG_WARN_CONSTANT_CONVERSION = YES;
				CLANG_WARN_DEPRECATED_OBJC_IMPLEMENTATIONS = YES;
				CLANG_WARN_DIRECT_OBJC_ISA_USAGE = YES_ERROR;
				CLANG_WARN_DOCUMENTATION_COMMENTS = YES;
				CLANG_WARN_EMPTY_BODY = YES;
				CLANG_WARN_ENUM_CONVERSION = YES;
				CLANG_WARN_INFINITE_RECURSION = YES;
				CLANG_WARN_INT_CONVERSION = YES;
				CLANG_WARN_NON_LITERAL_NULL_CONVERSION = YES;
				CLANG_WARN_OBJC_IMPLICIT_RETAIN_SELF = YES;
				CLANG_WARN_OBJC_LITERAL_CONVERSION = YES;
				CLANG_WARN_OBJC_ROOT_CLASS = YES_ERROR;
				CLANG_WARN_QUOTED_INCLUDE_IN_FRAMEWORK_HEADER = YES;
				CLANG_WARN_RANGE_LOOP_ANALYSIS = YES;
				CLANG_WARN_STRICT_PROTOTYPES = YES;
				CLANG_WARN_SUSPICIOUS_MOVE = YES;
				CLANG_WARN_UNGUARDED_AVAILABILITY = YES_AGGRESSIVE;
				CLANG_WARN_UNREACHABLE_CODE = YES;
				CLANG_WARN__DUPLICATE_METHOD_MATCH = YES;
				COPY_PHASE_STRIP = NO;
				DEBUG_INFORMATION_FORMAT = dwarf;
				ENABLE_STRICT_OBJC_MSGSEND = YES;
				ENABLE_TESTABILITY = YES;
				GCC_C_LANGUAGE_STANDARD = gnu11;
				GCC_DYNAMIC_NO_PIC = NO;
				GCC_NO_COMMON_BLOCKS = YES;
				GCC_OPTIMIZATION_LEVEL = 0;
				GCC_PREPROCESSOR_DEFINITIONS = (
					"DEBUG=1",
					"$(inherited)",
				);
				GCC_WARN_64_TO_32_BIT_CONVERSION = YES;
				GCC_WARN_ABOUT_RETURN_TYPE = YES_ERROR;
				GCC_WARN_UNDECLARED_SELECTOR = YES;
				GCC_WARN_UNINITIALIZED_AUTOS = YES_AGGRESSIVE;
				GCC_WARN_UNUSED_FUNCTION = YES;
				GCC_WARN_UNUSED_VARIABLE = YES;
				IPHONEOS_DEPLOYMENT_TARGET = 16.4;
				MTL_ENABLE_DEBUG_INFO = INCLUDE_SOURCE;
				MTL_FAST_MATH = YES;
				ONLY_ACTIVE_ARCH = YES;
				SDKROOT = iphoneos;
				SWIFT_ACTIVE_COMPILATION_CONDITIONS = DEBUG;
				SWIFT_OPTIMIZATION_LEVEL = "-Onone";
			};
			name = Debug;
		};
		D10EFF302A3CA2B600E5644E /* Release */ = {
			isa = XCBuildConfiguration;
			buildSettings = {
				ALWAYS_SEARCH_USER_PATHS = NO;
				CLANG_ANALYZER_NONNULL = YES;
				CLANG_ANALYZER_NUMBER_OBJECT_CONVERSION = YES_AGGRESSIVE;
				CLANG_CXX_LANGUAGE_STANDARD = "gnu++20";
				CLANG_ENABLE_MODULES = YES;
				CLANG_ENABLE_OBJC_ARC = YES;
				CLANG_ENABLE_OBJC_WEAK = YES;
				CLANG_WARN_BLOCK_CAPTURE_AUTORELEASING = YES;
				CLANG_WARN_BOOL_CONVERSION = YES;
				CLANG_WARN_COMMA = YES;
				CLANG_WARN_CONSTANT_CONVERSION = YES;
				CLANG_WARN_DEPRECATED_OBJC_IMPLEMENTATIONS = YES;
				CLANG_WARN_DIRECT_OBJC_ISA_USAGE = YES_ERROR;
				CLANG_WARN_DOCUMENTATION_COMMENTS = YES;
				CLANG_WARN_EMPTY_BODY = YES;
				CLANG_WARN_ENUM_CONVERSION = YES;
				CLANG_WARN_INFINITE_RECURSION = YES;
				CLANG_WARN_INT_CONVERSION = YES;
				CLANG_WARN_NON_LITERAL_NULL_CONVERSION = YES;
				CLANG_WARN_OBJC_IMPLICIT_RETAIN_SELF = YES;
				CLANG_WARN_OBJC_LITERAL_CONVERSION = YES;
				CLANG_WARN_OBJC_ROOT_CLASS = YES_ERROR;
				CLANG_WARN_QUOTED_INCLUDE_IN_FRAMEWORK_HEADER = YES;
				CLANG_WARN_RANGE_LOOP_ANALYSIS = YES;
				CLANG_WARN_STRICT_PROTOTYPES = YES;
				CLANG_WARN_SUSPICIOUS_MOVE = YES;
				CLANG_WARN_UNGUARDED_AVAILABILITY = YES_AGGRESSIVE;
				CLANG_WARN_UNREACHABLE_CODE = YES;
				CLANG_WARN__DUPLICATE_METHOD_MATCH = YES;
				COPY_PHASE_STRIP = NO;
				DEBUG_INFORMATION_FORMAT = "dwarf-with-dsym";
				ENABLE_NS_ASSERTIONS = NO;
				ENABLE_STRICT_OBJC_MSGSEND = YES;
				GCC_C_LANGUAGE_STANDARD = gnu11;
				GCC_NO_COMMON_BLOCKS = YES;
				GCC_WARN_64_TO_32_BIT_CONVERSION = YES;
				GCC_WARN_ABOUT_RETURN_TYPE = YES_ERROR;
				GCC_WARN_UNDECLARED_SELECTOR = YES;
				GCC_WARN_UNINITIALIZED_AUTOS = YES_AGGRESSIVE;
				GCC_WARN_UNUSED_FUNCTION = YES;
				GCC_WARN_UNUSED_VARIABLE = YES;
				IPHONEOS_DEPLOYMENT_TARGET = 16.4;
				MTL_ENABLE_DEBUG_INFO = NO;
				MTL_FAST_MATH = YES;
				SDKROOT = iphoneos;
				SWIFT_COMPILATION_MODE = wholemodule;
				SWIFT_OPTIMIZATION_LEVEL = "-O";
				VALIDATE_PRODUCT = YES;
			};
			name = Release;
		};
		D10EFF322A3CA2B600E5644E /* Debug */ = {
			isa = XCBuildConfiguration;
			buildSettings = {
				ASSETCATALOG_COMPILER_APPICON_NAME = AppIcon;
				ASSETCATALOG_COMPILER_GLOBAL_ACCENT_COLOR_NAME = AccentColor;
				CODE_SIGN_STYLE = Automatic;
				CURRENT_PROJECT_VERSION = 1;
				DEVELOPMENT_TEAM = 6XZKA4BJLF;
				GENERATE_INFOPLIST_FILE = YES;
				INFOPLIST_FILE = Homework11/Resources/Info.plist;
				INFOPLIST_KEY_UIApplicationSupportsIndirectInputEvents = YES;
				INFOPLIST_KEY_UILaunchStoryboardName = LaunchScreen;
				INFOPLIST_KEY_UIMainStoryboardFile = Main;
				INFOPLIST_KEY_UISupportedInterfaceOrientations_iPad = "UIInterfaceOrientationPortrait UIInterfaceOrientationPortraitUpsideDown UIInterfaceOrientationLandscapeLeft UIInterfaceOrientationLandscapeRight";
				INFOPLIST_KEY_UISupportedInterfaceOrientations_iPhone = "UIInterfaceOrientationPortrait UIInterfaceOrientationLandscapeLeft UIInterfaceOrientationLandscapeRight";
				LD_RUNPATH_SEARCH_PATHS = (
					"$(inherited)",
					"@executable_path/Frameworks",
				);
				MARKETING_VERSION = 1.0;
				PRODUCT_BUNDLE_IDENTIFIER = com.my.Homework11;
				PRODUCT_NAME = "$(TARGET_NAME)";
				SWIFT_EMIT_LOC_STRINGS = YES;
				SWIFT_VERSION = 5.0;
				TARGETED_DEVICE_FAMILY = "1,2";
			};
			name = Debug;
		};
		D10EFF332A3CA2B600E5644E /* Release */ = {
			isa = XCBuildConfiguration;
			buildSettings = {
				ASSETCATALOG_COMPILER_APPICON_NAME = AppIcon;
				ASSETCATALOG_COMPILER_GLOBAL_ACCENT_COLOR_NAME = AccentColor;
				CODE_SIGN_STYLE = Automatic;
				CURRENT_PROJECT_VERSION = 1;
				DEVELOPMENT_TEAM = 6XZKA4BJLF;
				GENERATE_INFOPLIST_FILE = YES;
				INFOPLIST_FILE = Homework11/Resources/Info.plist;
				INFOPLIST_KEY_UIApplicationSupportsIndirectInputEvents = YES;
				INFOPLIST_KEY_UILaunchStoryboardName = LaunchScreen;
				INFOPLIST_KEY_UIMainStoryboardFile = Main;
				INFOPLIST_KEY_UISupportedInterfaceOrientations_iPad = "UIInterfaceOrientationPortrait UIInterfaceOrientationPortraitUpsideDown UIInterfaceOrientationLandscapeLeft UIInterfaceOrientationLandscapeRight";
				INFOPLIST_KEY_UISupportedInterfaceOrientations_iPhone = "UIInterfaceOrientationPortrait UIInterfaceOrientationLandscapeLeft UIInterfaceOrientationLandscapeRight";
				LD_RUNPATH_SEARCH_PATHS = (
					"$(inherited)",
					"@executable_path/Frameworks",
				);
				MARKETING_VERSION = 1.0;
				PRODUCT_BUNDLE_IDENTIFIER = com.my.Homework11;
				PRODUCT_NAME = "$(TARGET_NAME)";
				SWIFT_EMIT_LOC_STRINGS = YES;
				SWIFT_VERSION = 5.0;
				TARGETED_DEVICE_FAMILY = "1,2";
			};
			name = Release;
		};
/* End XCBuildConfiguration section */

/* Begin XCConfigurationList section */
		D10EFF182A3CA2B400E5644E /* Build configuration list for PBXProject "Homework11" */ = {
			isa = XCConfigurationList;
			buildConfigurations = (
				D10EFF2F2A3CA2B600E5644E /* Debug */,
				D10EFF302A3CA2B600E5644E /* Release */,
			);
			defaultConfigurationIsVisible = 0;
			defaultConfigurationName = Release;
		};
		D10EFF312A3CA2B600E5644E /* Build configuration list for PBXNativeTarget "Homework11" */ = {
			isa = XCConfigurationList;
			buildConfigurations = (
				D10EFF322A3CA2B600E5644E /* Debug */,
				D10EFF332A3CA2B600E5644E /* Release */,
			);
			defaultConfigurationIsVisible = 0;
			defaultConfigurationName = Release;
		};
/* End XCConfigurationList section */
	};
	rootObject = D10EFF152A3CA2B400E5644E /* Project object */;
}
